<?xml version="1.0" encoding="utf-8"?>
<Project ToolsVersion="4.0" xmlns="http://schemas.microsoft.com/developer/msbuild/2003">
  <ItemGroup>
    <Filter Include="Headers">
      <UniqueIdentifier>{93995380-89BD-4b04-88EB-625FBE52EBFB}</UniqueIdentifier>
      <Extensions>h;hh;hpp;hxx;h++;hm;inl;inc;ipp;xsd</Extensions>
    </Filter>
    <Filter Include="Sources">
      <UniqueIdentifier>{4FC737F1-C7A5-4376-A066-2A32D752A2FF}</UniqueIdentifier>
      <Extensions>cpp;c;cc;cxx;c++;cppm;ixx;def;odl;idl;hpj;bat;asm;asmx</Extensions>
    </Filter>
    <Filter Include="Headers\Utils">
      <UniqueIdentifier>{cf1349b4-9280-496d-8a9a-d8dd050384ab}</UniqueIdentifier>
    </Filter>
    <Filter Include="Sources\Utils">
      <UniqueIdentifier>{4239dc49-0454-4be3-acd9-39fb6374e10d}</UniqueIdentifier>
    </Filter>
  </ItemGroup>
  <ItemGroup>
    <ClInclude Include="include\Shader.h">
      <Filter>Headers</Filter>
    </ClInclude>
    <ClInclude Include="include\ShaderFile.h">
      <Filter>Headers</Filter>
    </ClInclude>
    <ClInclude Include="include\ShaderIncluder.h">
      <Filter>Headers</Filter>
    </ClInclude>
    <ClInclude Include="include\ShaderManager.h">
      <Filter>Headers</Filter>
    </ClInclude>
    <ClInclude Include="include\ShaderParser.h">
      <Filter>Headers</Filter>
    </ClInclude>
    <ClInclude Include="include\ShaderProgram.h">
      <Filter>Headers</Filter>
    </ClInclude>
    <ClInclude Include="include\ShadersDescription.h">
      <Filter>Headers</Filter>
    </ClInclude>
    <ClInclude Include="include\ShaderTraverser.h">
      <Filter>Headers</Filter>
    </ClInclude>
    <ClInclude Include="include\ShaderType.h">
      <Filter>Headers</Filter>
    </ClInclude>
    <ClInclude Include="include\stdafx.h">
      <Filter>Headers</Filter>
    </ClInclude>
    <ClInclude Include="include\UniformsHandler.h">
      <Filter>Headers</Filter>
    </ClInclude>
    <ClInclude Include="include\utils\ErrorHandler.h">
      <Filter>Headers\Utils</Filter>
    </ClInclude>
    <ClInclude Include="include\utils\OpenGLConstants.h">
      <Filter>Headers\Utils</Filter>
    </ClInclude>
    <ClInclude Include="include\utils\ParserUtils.h">
      <Filter>Headers\Utils</Filter>
    </ClInclude>
    <ClInclude Include="include\utils\Symbol.h">
      <Filter>Headers\Utils</Filter>
    </ClInclude>
    <ClInclude Include="include\utils\UniformUtils.h">
      <Filter>Headers\Utils</Filter>
    </ClInclude>
    <ClInclude Include="include\utils\FileWatcher.h">
      <Filter>Headers\Utils</Filter>
    </ClInclude>
    <ClInclude Include="include\utils\Constants.h">
      <Filter>Headers\Utils</Filter>
    </ClInclude>
    <ClInclude Include="include\CustomBufferBindingHandler.h">
      <Filter>Headers</Filter>
    </ClInclude>
  </ItemGroup>
  <ItemGroup>
    <ClCompile Include="src\ShaderParser.cpp">
      <Filter>Sources</Filter>
    </ClCompile>
    <ClCompile Include="src\utils\ParserUtils.cpp">
      <Filter>Sources\Utils</Filter>
    </ClCompile>
    <ClCompile Include="src\ShaderIncluder.cpp">
      <Filter>Sources</Filter>
    </ClCompile>
    <ClCompile Include="src\Shader.cpp">
      <Filter>Sources</Filter>
    </ClCompile>
    <ClCompile Include="src\ShaderManager.cpp">
      <Filter>Sources</Filter>
    </ClCompile>
    <ClCompile Include="src\ShaderProgram.cpp">
      <Filter>Sources</Filter>
    </ClCompile>
    <ClCompile Include="src\ShaderTraverser.cpp">
      <Filter>Sources</Filter>
    </ClCompile>
    <ClCompile Include="src\UniformsHandler.cpp">
      <Filter>Sources</Filter>
    </ClCompile>
    <ClCompile Include="src\utils\ErrorHandler.cpp">
      <Filter>Sources\Utils</Filter>
    </ClCompile>
    <ClCompile Include="src\stdafx.cpp">
      <Filter>Sources</Filter>
    </ClCompile>
    <ClCompile Include="src\utils\FileWatcher.cpp">
      <Filter>Sources\Utils</Filter>
    </ClCompile>
    <ClCompile Include="src\utils\Constants.cpp">
      <Filter>Sources\Utils</Filter>
    </ClCompile>
  </ItemGroup>
</Project>